
Microsoft Visual Studio Solution File, Format Version 12.00
# Visual Studio Version 17
VisualStudioVersion = 17.3.32825.248
MinimumVisualStudioVersion = 10.0.40219.1
Project("{9A19103F-16F7-4668-BE54-9A1E7A4F7556}") = "StringMathParcer", "StringMathParcer\StringMathParcer.csproj", "{4F796BE5-A009-424C-B739-CEC8A8A2537A}"
EndProject
Project("{FAE04EC0-301F-11D3-BF4B-00C04F79EFBC}") = "LibTest", "LibTest\LibTest.csproj", "{E5CC1EFE-66AD-40DD-92C8-78BE4AB72BB6}"
EndProject
Global
	GlobalSection(SolutionConfigurationPlatforms) = preSolution
		Debug|Any CPU = Debug|Any CPU
		Release|Any CPU = Release|Any CPU
	EndGlobalSection
	GlobalSection(ProjectConfigurationPlatforms) = postSolution
		{4F796BE5-A009-424C-B739-CEC8A8A2537A}.Debug|Any CPU.ActiveCfg = Debug|Any CPU
		{4F796BE5-A009-424C-B739-CEC8A8A2537A}.Debug|Any CPU.Build.0 = Debug|Any CPU
		{4F796BE5-A009-424C-B739-CEC8A8A2537A}.Release|Any CPU.ActiveCfg = Release|Any CPU
		{4F796BE5-A009-424C-B739-CEC8A8A2537A}.Release|Any CPU.Build.0 = Release|Any CPU
		{E5CC1EFE-66AD-40DD-92C8-78BE4AB72BB6}.Debug|Any CPU.ActiveCfg = Debug|Any CPU
		{E5CC1EFE-66AD-40DD-92C8-78BE4AB72BB6}.Debug|Any CPU.Build.0 = Debug|Any CPU
		{E5CC1EFE-66AD-40DD-92C8-78BE4AB72BB6}.Release|Any CPU.ActiveCfg = Release|Any CPU
		{E5CC1EFE-66AD-40DD-92C8-78BE4AB72BB6}.Release|Any CPU.Build.0 = Release|Any CPU
	EndGlobalSection
	GlobalSection(SolutionProperties) = preSolution
		HideSolutionNode = FALSE
	EndGlobalSection
	GlobalSection(ExtensibilityGlobals) = postSolution
		SolutionGuid = {6AD2413B-DE98-4EEE-9C57-E120684F9F54}
	EndGlobalSection
EndGlobal
